
Microsoft Visual Studio Solution File, Format Version 12.00
# Visual Studio Version 17
VisualStudioVersion = 17.0.31903.59
MinimumVisualStudioVersion = 10.0.40219.1
Project("{FAE04EC0-301F-11D3-BF4B-00C04F79EFBC}") = "ImageViewer.App", "ImageViewer.App\ImageViewer.App.csproj", "{2A3D561D-395B-4470-985B-063FC040FABD}"
EndProject
Project("{FAE04EC0-301F-11D3-BF4B-00C04F79EFBC}") = "ImageViewer.App.Tests", "..\tests\ImageViewer.App.Tests\ImageViewer.App.Tests.csproj", "{FC640133-0421-422B-BD5C-39E25BFC4130}"
EndProject
Global
	GlobalSection(SolutionConfigurationPlatforms) = preSolution
		Debug|Any CPU = Debug|Any CPU
		Release|Any CPU = Release|Any CPU
	EndGlobalSection
	GlobalSection(SolutionProperties) = preSolution
		HideSolutionNode = FALSE
	EndGlobalSection
	GlobalSection(ProjectConfigurationPlatforms) = postSolution
		{2A3D561D-395B-4470-985B-063FC040FABD}.Debug|Any CPU.ActiveCfg = Debug|Any CPU
		{2A3D561D-395B-4470-985B-063FC040FABD}.Debug|Any CPU.Build.0 = Debug|Any CPU
		{2A3D561D-395B-4470-985B-063FC040FABD}.Release|Any CPU.ActiveCfg = Release|Any CPU
		{2A3D561D-395B-4470-985B-063FC040FABD}.Release|Any CPU.Build.0 = Release|Any CPU
		{FC640133-0421-422B-BD5C-39E25BFC4130}.Debug|Any CPU.ActiveCfg = Debug|Any CPU
		{FC640133-0421-422B-BD5C-39E25BFC4130}.Debug|Any CPU.Build.0 = Debug|Any CPU
		{FC640133-0421-422B-BD5C-39E25BFC4130}.Release|Any CPU.ActiveCfg = Release|Any CPU
		{FC640133-0421-422B-BD5C-39E25BFC4130}.Release|Any CPU.Build.0 = Release|Any CPU
	EndGlobalSection
EndGlobal
